
Microsoft Visual Studio Solution File, Format Version 12.00
# Visual Studio 15
VisualStudioVersion = 15.0.27703.2042
MinimumVisualStudioVersion = 10.0.40219.1
Project("{9A19103F-16F7-4668-BE54-9A1E7A4F7556}") = "WordList_Challenge", "WordList_Challenge\WordList_Challenge.csproj", "{757511D7-20B2-4D8D-8C6F-DF062604F313}"
EndProject
Project("{FAE04EC0-301F-11D3-BF4B-00C04F79EFBC}") = "WordList_Challenge.Tests", "WordList_Challenge.Tests\WordList_Challenge.Tests.csproj", "{17553628-7941-4909-A99E-40CD2F780008}"
EndProject
Global
	GlobalSection(SolutionConfigurationPlatforms) = preSolution
		Debug|Any CPU = Debug|Any CPU
		Release|Any CPU = Release|Any CPU
	EndGlobalSection
	GlobalSection(ProjectConfigurationPlatforms) = postSolution
		{757511D7-20B2-4D8D-8C6F-DF062604F313}.Debug|Any CPU.ActiveCfg = Debug|Any CPU
		{757511D7-20B2-4D8D-8C6F-DF062604F313}.Debug|Any CPU.Build.0 = Debug|Any CPU
		{757511D7-20B2-4D8D-8C6F-DF062604F313}.Release|Any CPU.ActiveCfg = Release|Any CPU
		{757511D7-20B2-4D8D-8C6F-DF062604F313}.Release|Any CPU.Build.0 = Release|Any CPU
		{17553628-7941-4909-A99E-40CD2F780008}.Debug|Any CPU.ActiveCfg = Debug|Any CPU
		{17553628-7941-4909-A99E-40CD2F780008}.Debug|Any CPU.Build.0 = Debug|Any CPU
		{17553628-7941-4909-A99E-40CD2F780008}.Release|Any CPU.ActiveCfg = Release|Any CPU
		{17553628-7941-4909-A99E-40CD2F780008}.Release|Any CPU.Build.0 = Release|Any CPU
	EndGlobalSection
	GlobalSection(SolutionProperties) = preSolution
		HideSolutionNode = FALSE
	EndGlobalSection
	GlobalSection(ExtensibilityGlobals) = postSolution
		SolutionGuid = {D7D9570B-C127-49C5-9732-4C1D0BBF0FAC}
	EndGlobalSection
EndGlobal
